<?xml version="1.0" encoding="utf-8"?>
<Project ToolsVersion="4.0" xmlns="http://schemas.microsoft.com/developer/msbuild/2003">
  <ItemGroup>
    <Filter Include="00. Default">
      <UniqueIdentifier>{97e25d5a-914c-41d4-90c9-eb95dc7126a7}</UniqueIdentifier>
    </Filter>
    <Filter Include="01. Header">
      <UniqueIdentifier>{3a5aeac5-807c-48e6-856b-0cb614e2b7bb}</UniqueIdentifier>
    </Filter>
    <Filter Include="02. Engine">
      <UniqueIdentifier>{0e889471-f8d1-4450-a171-3978b725ed46}</UniqueIdentifier>
    </Filter>
    <Filter Include="03. Device">
      <UniqueIdentifier>{4b9592cd-30b6-48ed-8314-434b654d2207}</UniqueIdentifier>
    </Filter>
    <Filter Include="04. Manager">
      <UniqueIdentifier>{bbdef7f1-5d43-419a-a132-d448efb59792}</UniqueIdentifier>
    </Filter>
    <Filter Include="Module">
      <UniqueIdentifier>{7a9c548d-cacc-4a41-a339-c953e6ea9a7f}</UniqueIdentifier>
    </Filter>
    <Filter Include="HLSL">
      <UniqueIdentifier>{3fa675d1-a421-4779-8e2e-65d7900cf320}</UniqueIdentifier>
    </Filter>
    <Filter Include="03. Device\ConstBuffer">
      <UniqueIdentifier>{4645b754-0aef-43c4-9b80-3bcd6574f97d}</UniqueIdentifier>
    </Filter>
    <Filter Include="06. GameObject">
      <UniqueIdentifier>{1b903338-4588-4798-9754-ec82d285fe32}</UniqueIdentifier>
    </Filter>
    <Filter Include="07. Component">
      <UniqueIdentifier>{0b387d5e-d857-48ca-a0c8-17edca0f1307}</UniqueIdentifier>
    </Filter>
    <Filter Include="07. Component\01. Transform">
      <UniqueIdentifier>{a0ae66b3-3973-42e3-86a6-36c562d8c60a}</UniqueIdentifier>
    </Filter>
    <Filter Include="04. Manager\01. Path">
      <UniqueIdentifier>{d5fa3fd7-9ce3-48c2-8f03-9c4e4518886d}</UniqueIdentifier>
    </Filter>
    <Filter Include="04. Manager\02. Time">
      <UniqueIdentifier>{d0c76bbb-cdb8-43fa-a4fe-2d45242d917b}</UniqueIdentifier>
    </Filter>
    <Filter Include="04. Manager\03. Key">
      <UniqueIdentifier>{8af6dbd3-c349-44fc-84ff-4a35c6f075e3}</UniqueIdentifier>
    </Filter>
    <Filter Include="04. Manager\04. Asset">
      <UniqueIdentifier>{fa1b3371-5b89-41c0-9961-84ad9a4c4bb9}</UniqueIdentifier>
    </Filter>
    <Filter Include="04. Manager\05. Level">
      <UniqueIdentifier>{ad0fd3ef-95c4-487a-8b73-a9bb37159e4d}</UniqueIdentifier>
    </Filter>
    <Filter Include="07. Component\Script">
      <UniqueIdentifier>{567b4522-d751-4ede-bf84-787ea4a2e5c6}</UniqueIdentifier>
    </Filter>
    <Filter Include="04. Manager\06. Render">
      <UniqueIdentifier>{ea62e065-fd6d-40d0-aa2a-bcccce6580b8}</UniqueIdentifier>
    </Filter>
    <Filter Include="07. Component\RenderComponent">
      <UniqueIdentifier>{f70b5fbf-f24f-4e84-9da8-af7b4700ee84}</UniqueIdentifier>
    </Filter>
    <Filter Include="08. Asset">
      <UniqueIdentifier>{220e676a-aa74-4a7a-8f76-2cba04a41d21}</UniqueIdentifier>
    </Filter>
    <Filter Include="08. Asset\01. Mesh">
      <UniqueIdentifier>{55397e3a-569e-449d-b819-6e1c6276c1c4}</UniqueIdentifier>
    </Filter>
    <Filter Include="08. Asset\02. MeshData">
      <UniqueIdentifier>{20127022-09cb-4d54-a715-dbbd2af77ddd}</UniqueIdentifier>
    </Filter>
    <Filter Include="08. Asset\03. Texture">
      <UniqueIdentifier>{918500c3-4871-4504-819c-547e272330bb}</UniqueIdentifier>
    </Filter>
    <Filter Include="08. Asset\04. Sound">
      <UniqueIdentifier>{4a6c0074-d658-4ec1-a3fb-7eca15919471}</UniqueIdentifier>
    </Filter>
    <Filter Include="08. Asset\05. Prefab">
      <UniqueIdentifier>{ba800af5-5137-4a17-9faa-da818998e62b}</UniqueIdentifier>
    </Filter>
    <Filter Include="08. Asset\07. Sprite">
      <UniqueIdentifier>{0d66f3c6-5b4d-4932-b7bb-b29281498c66}</UniqueIdentifier>
    </Filter>
    <Filter Include="08. Asset\08. Material">
      <UniqueIdentifier>{337fcde3-c6ea-4f7c-a714-13a5fcd4e9ce}</UniqueIdentifier>
    </Filter>
    <Filter Include="08. Asset\Shader">
      <UniqueIdentifier>{e1e2db74-2aee-4875-950e-9a4683285b49}</UniqueIdentifier>
    </Filter>
    <Filter Include="08. Asset\Shader\09. GraphicShader">
      <UniqueIdentifier>{d04e84e7-445b-46f9-99de-3e3a4aa3346b}</UniqueIdentifier>
    </Filter>
    <Filter Include="05. Level">
      <UniqueIdentifier>{5c32a983-dde7-496e-b8e1-c7d0314fe9a2}</UniqueIdentifier>
    </Filter>
    <Filter Include="04. Manager\07. Collision">
      <UniqueIdentifier>{829d3edc-81fe-428e-b307-223a2ee55575}</UniqueIdentifier>
    </Filter>
    <Filter Include="04. Manager\08. Task">
      <UniqueIdentifier>{a7663dae-bfe1-42d8-bb7d-47ec85995ca4}</UniqueIdentifier>
    </Filter>
    <Filter Include="08. Asset\06. Flipbook">
      <UniqueIdentifier>{7d590a22-4456-446d-a494-c7544bdbae92}</UniqueIdentifier>
    </Filter>
    <Filter Include="07. Component\RenderComponent\02. TileMap">
      <UniqueIdentifier>{2a79c18b-925f-4ad8-93d3-d46aa8c8885d}</UniqueIdentifier>
    </Filter>
    <Filter Include="07. Component\RenderComponent\01. MeshRenderer">
      <UniqueIdentifier>{8cea6c17-2d72-406a-ba3c-85a70975763a}</UniqueIdentifier>
    </Filter>
    <Filter Include="03. Device\StructuredBuffer">
      <UniqueIdentifier>{29370a7e-f177-411c-a633-f5c32272cbad}</UniqueIdentifier>
    </Filter>
    <Filter Include="HLSL\01. Header">
      <UniqueIdentifier>{8026ff75-1631-45d3-a72b-90f08bb6dbbe}</UniqueIdentifier>
    </Filter>
    <Filter Include="HLSL\02. Render">
      <UniqueIdentifier>{e342980d-34c8-4d16-a099-7ebea42b2f0a}</UniqueIdentifier>
    </Filter>
    <Filter Include="HLSL\03. Compute">
      <UniqueIdentifier>{f417f890-adcd-4511-81d1-98823be843cd}</UniqueIdentifier>
    </Filter>
    <Filter Include="07. Component\02. Camera">
      <UniqueIdentifier>{82ce150d-4eaf-4dac-8893-ea31b08b0c6c}</UniqueIdentifier>
    </Filter>
    <Filter Include="07. Component\03. Collider2D">
      <UniqueIdentifier>{fdc75cd5-ec3a-4efc-a51b-9e1058e4edc8}</UniqueIdentifier>
    </Filter>
    <Filter Include="07. Component\05. Light2D">
      <UniqueIdentifier>{a75b5c96-f31d-4454-b4d9-22a9383e8d64}</UniqueIdentifier>
    </Filter>
    <Filter Include="07. Component\06. RigidBody2D">
      <UniqueIdentifier>{2a9313d7-a14c-4b07-b5bf-a9825f3bb611}</UniqueIdentifier>
    </Filter>
    <Filter Include="04. Manager\09. Log">
      <UniqueIdentifier>{3e276a3c-90fa-4465-834d-d1068bce49d2}</UniqueIdentifier>
    </Filter>
    <Filter Include="HLSL\03. Compute\ClearColor">
      <UniqueIdentifier>{52bbec17-77ca-4a67-9c3e-bb30fcc267e7}</UniqueIdentifier>
    </Filter>
    <Filter Include="08. Asset\Shader\10. ComputeShader">
      <UniqueIdentifier>{c602a178-3278-4a32-be3d-11b4cbe59307}</UniqueIdentifier>
    </Filter>
    <Filter Include="07. Component\RenderComponent\03. ParticleSystem">
      <UniqueIdentifier>{a107a53a-a07d-4ec9-ad9b-05b97693bb8f}</UniqueIdentifier>
    </Filter>
    <Filter Include="HLSL\03. Compute\ParticleTick">
      <UniqueIdentifier>{782d04ba-257a-4819-b68d-ce28b154a758}</UniqueIdentifier>
    </Filter>
    <Filter Include="04. Manager\10. Font">
      <UniqueIdentifier>{469ba737-2f45-4adf-9077-755836ee9136}</UniqueIdentifier>
    </Filter>
    <Filter Include="07. Component\07. StateMachine">
      <UniqueIdentifier>{08c0f667-484a-404b-b1b9-a1f1de31f870}</UniqueIdentifier>
    </Filter>
    <Filter Include="07. Component\Script\State">
      <UniqueIdentifier>{fa5314ec-6710-4c4d-9b0b-6b92df8e948d}</UniqueIdentifier>
    </Filter>
    <Filter Include="08. Asset\09. Tile">
      <UniqueIdentifier>{29c44e1f-58d8-4b11-ac84-07e62f3c9fca}</UniqueIdentifier>
    </Filter>
    <Filter Include="07. Component\RenderComponent\02. TileMap\MTileMap">
      <UniqueIdentifier>{1aa1adea-1cf6-469a-9b26-b578cdb227ca}</UniqueIdentifier>
    </Filter>
    <Filter Include="07. Component\04. FlipbookPlayer">
      <UniqueIdentifier>{5104863d-87cc-4412-8e93-ce9ef6d303a8}</UniqueIdentifier>
    </Filter>
    <Filter Include="07. Component\RenderComponent\04. SpriteRenderer">
      <UniqueIdentifier>{f734a006-c51f-4904-8179-e334a3ccc983}</UniqueIdentifier>
    </Filter>
  </ItemGroup>
  <ItemGroup>
    <ClInclude Include="framework.h">
      <Filter>00. Default</Filter>
    </ClInclude>
    <ClInclude Include="pch.h">
      <Filter>00. Default</Filter>
    </ClInclude>
    <ClInclude Include="CEngine.h">
      <Filter>02. Engine</Filter>
    </ClInclude>
    <ClInclude Include="singleton.h">
      <Filter>01. Header</Filter>
    </ClInclude>
    <ClInclude Include="global.h">
      <Filter>01. Header</Filter>
    </ClInclude>
    <ClInclude Include="define.h">
      <Filter>01. Header</Filter>
    </ClInclude>
    <ClInclude Include="enum.h">
      <Filter>01. Header</Filter>
    </ClInclude>
    <ClInclude Include="struct.h">
      <Filter>01. Header</Filter>
    </ClInclude>
    <ClInclude Include="CDevice.h">
      <Filter>03. Device</Filter>
    </ClInclude>
    <ClInclude Include="CEntity.h">
      <Filter>Module</Filter>
    </ClInclude>
    <ClInclude Include="SimpleMath.h">
      <Filter>Module</Filter>
    </ClInclude>
    <ClInclude Include="CAsset.h">
      <Filter>08. Asset</Filter>
    </ClInclude>
    <ClInclude Include="CMesh.h">
      <Filter>08. Asset\01. Mesh</Filter>
    </ClInclude>
    <ClInclude Include="CGraphicShader.h">
      <Filter>08. Asset\Shader\09. GraphicShader</Filter>
    </ClInclude>
    <ClInclude Include="CConstBuffer.h">
      <Filter>03. Device\ConstBuffer</Filter>
    </ClInclude>
    <ClInclude Include="Ptr.h">
      <Filter>Module</Filter>
    </ClInclude>
    <ClInclude Include="assets.h">
      <Filter>01. Header</Filter>
    </ClInclude>
    <ClInclude Include="CComponent.h">
      <Filter>07. Component</Filter>
    </ClInclude>
    <ClInclude Include="components.h">
      <Filter>01. Header</Filter>
    </ClInclude>
    <ClInclude Include="CTransform.h">
      <Filter>07. Component\01. Transform</Filter>
    </ClInclude>
    <ClInclude Include="CMeshRender.h">
      <Filter>07. Component\RenderComponent\01. MeshRenderer</Filter>
    </ClInclude>
    <ClInclude Include="func.h">
      <Filter>01. Header</Filter>
    </ClInclude>
    <ClInclude Include="CKeyMgr.h">
      <Filter>04. Manager\03. Key</Filter>
    </ClInclude>
    <ClInclude Include="CTimeMgr.h">
      <Filter>04. Manager\02. Time</Filter>
    </ClInclude>
    <ClInclude Include="CPathMgr.h">
      <Filter>04. Manager\01. Path</Filter>
    </ClInclude>
    <ClInclude Include="CAssetMgr.h">
      <Filter>04. Manager\04. Asset</Filter>
    </ClInclude>
    <ClInclude Include="CLevelMgr.h">
      <Filter>04. Manager\05. Level</Filter>
    </ClInclude>
    <ClInclude Include="CLayer.h">
      <Filter>05. Level</Filter>
    </ClInclude>
    <ClInclude Include="CLevel.h">
      <Filter>05. Level</Filter>
    </ClInclude>
    <ClInclude Include="CCamera.h">
      <Filter>07. Component\02. Camera</Filter>
    </ClInclude>
    <ClInclude Include="CScript.h">
      <Filter>07. Component\Script</Filter>
    </ClInclude>
    <ClInclude Include="CRenderMgr.h">
      <Filter>04. Manager\06. Render</Filter>
    </ClInclude>
    <ClInclude Include="CTexture.h">
      <Filter>08. Asset\03. Texture</Filter>
    </ClInclude>
    <ClInclude Include="CShader.h">
      <Filter>08. Asset\Shader</Filter>
    </ClInclude>
    <ClInclude Include="CMaterial.h">
      <Filter>08. Asset\08. Material</Filter>
    </ClInclude>
    <ClInclude Include="CRenderComponent.h">
      <Filter>07. Component\RenderComponent</Filter>
    </ClInclude>
    <ClInclude Include="CCollisionMgr.h">
      <Filter>04. Manager\07. Collision</Filter>
    </ClInclude>
    <ClInclude Include="CTaskMgr.h">
      <Filter>04. Manager\08. Task</Filter>
    </ClInclude>
    <ClInclude Include="CSprite.h">
      <Filter>08. Asset\07. Sprite</Filter>
    </ClInclude>
    <ClInclude Include="CFlipbook.h">
      <Filter>08. Asset\06. Flipbook</Filter>
    </ClInclude>
    <ClInclude Include="CFlipbookPlayer.h">
      <Filter>07. Component\04. FlipbookPlayer</Filter>
    </ClInclude>
    <ClInclude Include="CTileMap.h">
      <Filter>07. Component\RenderComponent\02. TileMap</Filter>
    </ClInclude>
    <ClInclude Include="CStructuredBuffer.h">
      <Filter>03. Device\StructuredBuffer</Filter>
    </ClInclude>
    <ClInclude Include="CLight2D.h">
      <Filter>07. Component\05. Light2D</Filter>
    </ClInclude>
    <ClInclude Include="CRigidBody2D.h">
      <Filter>07. Component\06. RigidBody2D</Filter>
    </ClInclude>
    <ClInclude Include="CComputeShader.h">
      <Filter>08. Asset\Shader\10. ComputeShader</Filter>
    </ClInclude>
    <ClInclude Include="CClearColorCS.h">
      <Filter>HLSL\03. Compute\ClearColor</Filter>
    </ClInclude>
    <ClInclude Include="CParticleSystem.h">
      <Filter>07. Component\RenderComponent\03. ParticleSystem</Filter>
    </ClInclude>
    <ClInclude Include="CParticleTickCS.h">
      <Filter>HLSL\03. Compute\ParticleTick</Filter>
    </ClInclude>
    <ClInclude Include="CCollider2D.h">
      <Filter>07. Component\03. Collider2D</Filter>
    </ClInclude>
    <ClInclude Include="CPrefab.h">
      <Filter>08. Asset\05. Prefab</Filter>
    </ClInclude>
    <ClInclude Include="CFontMgr.h">
      <Filter>04. Manager\10. Font</Filter>
    </ClInclude>
    <ClInclude Include="CSound.h">
      <Filter>08. Asset\04. Sound</Filter>
    </ClInclude>
    <ClInclude Include="CStateMachine.h">
      <Filter>07. Component\07. StateMachine</Filter>
    </ClInclude>
    <ClInclude Include="CState.h">
      <Filter>07. Component\Script\State</Filter>
    </ClInclude>
    <ClInclude Include="CGameObject.h">
      <Filter>06. GameObject</Filter>
    </ClInclude>
    <ClInclude Include="struct_ptr.h">
      <Filter>01. Header</Filter>
    </ClInclude>
    <ClInclude Include="MTile.h">
      <Filter>08. Asset\09. Tile</Filter>
    </ClInclude>
    <ClInclude Include="func_asset.h">
      <Filter>01. Header</Filter>
    </ClInclude>
    <ClInclude Include="MTileMap.h">
      <Filter>07. Component\RenderComponent\02. TileMap\MTileMap</Filter>
    </ClInclude>
  </ItemGroup>
  <ItemGroup>
    <ClCompile Include="pch.cpp">
      <Filter>00. Default</Filter>
    </ClCompile>
    <ClCompile Include="CEngine.cpp">
      <Filter>02. Engine</Filter>
    </ClCompile>
    <ClCompile Include="CDevice.cpp">
      <Filter>03. Device</Filter>
    </ClCompile>
    <ClCompile Include="CEntity.cpp">
      <Filter>Module</Filter>
    </ClCompile>
    <ClCompile Include="CAsset.cpp">
      <Filter>08. Asset</Filter>
    </ClCompile>
    <ClCompile Include="CMesh.cpp">
      <Filter>08. Asset\01. Mesh</Filter>
    </ClCompile>
    <ClCompile Include="CGraphicShader.cpp">
      <Filter>08. Asset\Shader\09. GraphicShader</Filter>
    </ClCompile>
    <ClCompile Include="CConstBuffer.cpp">
      <Filter>03. Device\ConstBuffer</Filter>
    </ClCompile>
    <ClCompile Include="CGameObject.cpp">
      <Filter>06. GameObject</Filter>
    </ClCompile>
    <ClCompile Include="CComponent.cpp">
      <Filter>07. Component</Filter>
    </ClCompile>
    <ClCompile Include="CTransform.cpp">
      <Filter>07. Component\01. Transform</Filter>
    </ClCompile>
    <ClCompile Include="CMeshRender.cpp">
      <Filter>07. Component\RenderComponent\01. MeshRenderer</Filter>
    </ClCompile>
    <ClCompile Include="CKeyMgr.cpp">
      <Filter>04. Manager\03. Key</Filter>
    </ClCompile>
    <ClCompile Include="CTimeMgr.cpp">
      <Filter>04. Manager\02. Time</Filter>
    </ClCompile>
    <ClCompile Include="CPathMgr.cpp">
      <Filter>04. Manager\01. Path</Filter>
    </ClCompile>
    <ClCompile Include="CAssetMgr.cpp">
      <Filter>04. Manager\04. Asset</Filter>
    </ClCompile>
    <ClCompile Include="CLevelMgr.cpp">
      <Filter>04. Manager\05. Level</Filter>
    </ClCompile>
    <ClCompile Include="CLayer.cpp">
      <Filter>05. Level</Filter>
    </ClCompile>
    <ClCompile Include="CLevel.cpp">
      <Filter>05. Level</Filter>
    </ClCompile>
    <ClCompile Include="CCamera.cpp">
      <Filter>07. Component\02. Camera</Filter>
    </ClCompile>
    <ClCompile Include="CScript.cpp">
      <Filter>07. Component\Script</Filter>
    </ClCompile>
    <ClCompile Include="CRenderMgr.cpp">
      <Filter>04. Manager\06. Render</Filter>
    </ClCompile>
    <ClCompile Include="extern.cpp">
      <Filter>01. Header</Filter>
    </ClCompile>
    <ClCompile Include="CTexture.cpp">
      <Filter>08. Asset\03. Texture</Filter>
    </ClCompile>
    <ClCompile Include="CShader.cpp">
      <Filter>08. Asset\Shader</Filter>
    </ClCompile>
    <ClCompile Include="CMaterial.cpp">
      <Filter>08. Asset\08. Material</Filter>
    </ClCompile>
    <ClCompile Include="CRenderComponent.cpp">
      <Filter>07. Component\RenderComponent</Filter>
    </ClCompile>
    <ClCompile Include="func.cpp">
      <Filter>01. Header</Filter>
    </ClCompile>
    <ClCompile Include="CCollisionMgr.cpp">
      <Filter>04. Manager\07. Collision</Filter>
    </ClCompile>
    <ClCompile Include="CTaskMgr.cpp">
      <Filter>04. Manager\08. Task</Filter>
    </ClCompile>
    <ClCompile Include="CSprite.cpp">
      <Filter>08. Asset\07. Sprite</Filter>
    </ClCompile>
    <ClCompile Include="CFlipbook.cpp">
      <Filter>08. Asset\06. Flipbook</Filter>
    </ClCompile>
    <ClCompile Include="CFlipbookPlayer.cpp">
      <Filter>07. Component\04. FlipbookPlayer</Filter>
    </ClCompile>
    <ClCompile Include="CTileMap.cpp">
      <Filter>07. Component\RenderComponent\02. TileMap</Filter>
    </ClCompile>
    <ClCompile Include="CAssetMgr_Init.cpp">
      <Filter>04. Manager\04. Asset</Filter>
    </ClCompile>
    <ClCompile Include="CStructuredBuffer.cpp">
      <Filter>03. Device\StructuredBuffer</Filter>
    </ClCompile>
    <ClCompile Include="CLight2D.cpp">
      <Filter>07. Component\05. Light2D</Filter>
    </ClCompile>
    <ClCompile Include="CRigidBody2D.cpp">
      <Filter>07. Component\06. RigidBody2D</Filter>
    </ClCompile>
    <ClCompile Include="CComputeShader.cpp">
      <Filter>08. Asset\Shader\10. ComputeShader</Filter>
    </ClCompile>
    <ClCompile Include="CClearColorCS.cpp">
      <Filter>HLSL\03. Compute\ClearColor</Filter>
    </ClCompile>
    <ClCompile Include="CParticleSystem.cpp">
      <Filter>07. Component\RenderComponent\03. ParticleSystem</Filter>
    </ClCompile>
    <ClCompile Include="CParticleTickCS.cpp">
      <Filter>HLSL\03. Compute\ParticleTick</Filter>
    </ClCompile>
    <ClCompile Include="CCollider2D.cpp">
      <Filter>07. Component\03. Collider2D</Filter>
    </ClCompile>
    <ClCompile Include="CPrefab.cpp">
      <Filter>08. Asset\05. Prefab</Filter>
    </ClCompile>
    <ClCompile Include="CFontMgr.cpp">
      <Filter>04. Manager\10. Font</Filter>
    </ClCompile>
    <ClCompile Include="CSound.cpp">
      <Filter>08. Asset\04. Sound</Filter>
    </ClCompile>
    <ClCompile Include="CStateMachine.cpp">
      <Filter>07. Component\07. StateMachine</Filter>
    </ClCompile>
    <ClCompile Include="CState.cpp">
      <Filter>07. Component\Script\State</Filter>
    </ClCompile>
    <ClCompile Include="MTile.cpp">
      <Filter>08. Asset\09. Tile</Filter>
    </ClCompile>
    <ClCompile Include="MTileMap.cpp">
      <Filter>07. Component\RenderComponent\02. TileMap\MTileMap</Filter>
    </ClCompile>
  </ItemGroup>
  <ItemGroup>
    <FxCompile Include="func.fx">
      <Filter>HLSL\01. Header</Filter>
    </FxCompile>
    <FxCompile Include="value.fx">
      <Filter>HLSL\01. Header</Filter>
    </FxCompile>
    <FxCompile Include="debug.fx">
      <Filter>HLSL\02. Render</Filter>
    </FxCompile>
    <FxCompile Include="postprocess.fx">
      <Filter>HLSL\02. Render</Filter>
    </FxCompile>
    <FxCompile Include="std2d.fx">
      <Filter>HLSL\02. Render</Filter>
    </FxCompile>
    <FxCompile Include="tilemap.fx">
      <Filter>HLSL\02. Render</Filter>
    </FxCompile>
    <FxCompile Include="struct.fx">
      <Filter>HLSL\01. Header</Filter>
    </FxCompile>
    <FxCompile Include="test.fx">
      <Filter>HLSL\03. Compute</Filter>
    </FxCompile>
    <FxCompile Include="particle.fx">
      <Filter>HLSL\02. Render</Filter>
    </FxCompile>
    <FxCompile Include="particle_tick.fx">
      <Filter>HLSL\03. Compute</Filter>
    </FxCompile>
    <FxCompile Include="tilemap_maple.fx">
      <Filter>HLSL\02. Render</Filter>
    </FxCompile>
  </ItemGroup>
</Project>